
Microsoft Visual Studio Solution File, Format Version 12.00
# Visual Studio Version 17
VisualStudioVersion = 17.0.31903.59
MinimumVisualStudioVersion = 10.0.40219.1
Project("{2150E333-8FDC-42A3-9474-1A3956D46DE8}") = "src", "src", "{428ED2E7-2085-4DF6-80DD-9C7F2957F482}"
EndProject
Project("{2150E333-8FDC-42A3-9474-1A3956D46DE8}") = "BuildingBlocks", "BuildingBlocks", "{7F58CCA3-0A0C-42DF-B034-FDAFA390E7D6}"
EndProject
Project("{FAE04EC0-301F-11D3-BF4B-00C04F79EFBC}") = "Nordiska.BuildingBlocks.Database", "src\BuildingBlocks\Database\Nordiska.BuildingBlocks.Database.csproj", "{CF2709B6-7A69-47E4-877A-A5C0B570D1D9}"
EndProject
Project("{2150E333-8FDC-42A3-9474-1A3956D46DE8}") = "Modules", "Modules", "{2BB78818-2B15-4C95-97CF-AFF1C4889D3C}"
EndProject
Project("{FAE04EC0-301F-11D3-BF4B-00C04F79EFBC}") = "Nordiska.Modules.Banking", "src\Modules\Banking\Nordiska.Modules.Banking.csproj", "{1D009CCC-D835-44FF-AD5A-C19E051E2C3A}"
EndProject
Project("{FAE04EC0-301F-11D3-BF4B-00C04F79EFBC}") = "Nordiska.Modules.Faq", "src\Modules\Faq\Nordiska.Modules.Faq.csproj", "{A22118A5-DFFD-4C9F-9F68-1C6C3F02918E}"
EndProject
Project("{FAE04EC0-301F-11D3-BF4B-00C04F79EFBC}") = "Nordiska.Modules.Reporting", "src\Modules\Reporting\Nordiska.Modules.Reporting.csproj", "{35A32786-8389-4888-99F3-0A609AF2D958}"
EndProject
Project("{FAE04EC0-301F-11D3-BF4B-00C04F79EFBC}") = "Nordiska.Reporting.Worker", "src\Nordiska.Reporting.Worker\Nordiska.Reporting.Worker.csproj", "{D18FAD08-E590-4788-99BE-4078CCA7D788}"
EndProject
Project("{FAE04EC0-301F-11D3-BF4B-00C04F79EFBC}") = "Nordiska.FrontendApi", "src\Nordiska.FrontendApi\Nordiska.FrontendApi.csproj", "{C84275EB-1354-4D85-94C6-60BDE0CE297F}"
EndProject
Project("{2150E333-8FDC-42A3-9474-1A3956D46DE8}") = "tests", "tests", "{60220E35-F52E-4FFB-BDB3-BB3EDE1ABB08}"
EndProject
Project("{FAE04EC0-301F-11D3-BF4B-00C04F79EFBC}") = "Nordiska.BuildingBlocks.Database.Tests", "tests\Nordiska.BuildingBlocks.Database.Tests\Nordiska.BuildingBlocks.Database.Tests.csproj", "{0E8FE518-AA8A-4D59-9129-38042DD06F8C}"
EndProject
Project("{FAE04EC0-301F-11D3-BF4B-00C04F79EFBC}") = "Nordiska.Modules.Banking.Tests", "tests\Nordiska.Modules.Banking.Tests\Nordiska.Modules.Banking.Tests.csproj", "{6E59A5BE-1C34-49B5-9B96-B5CAC07E3A1F}"
EndProject
Project("{FAE04EC0-301F-11D3-BF4B-00C04F79EFBC}") = "Nordiska.Modules.Faq.Tests", "tests\Nordiska.Modules.Faq.Tests\Nordiska.Modules.Faq.Tests.csproj", "{BBF29C72-D5BE-411B-9E1F-6C145554AC11}"
EndProject
Project("{FAE04EC0-301F-11D3-BF4B-00C04F79EFBC}") = "Nordiska.Modules.Reporting.Tests", "tests\Nordiska.Modules.Reporting.Tests\Nordiska.Modules.Reporting.Tests.csproj", "{6A993C1E-14C8-41EA-B5BA-270ADE27D3B9}"
EndProject
Project("{FAE04EC0-301F-11D3-BF4B-00C04F79EFBC}") = "Nordiska.FrontendApi.IntegrationTests", "tests\Nordiska.FrontendApi.IntegrationTests\Nordiska.FrontendApi.IntegrationTests.csproj", "{FA1A3D8D-0CE3-4ABB-86FB-EAB1C7BA6267}"
EndProject
Project("{FAE04EC0-301F-11D3-BF4B-00C04F79EFBC}") = "Nordiska.Reporting.Worker.Tests", "tests\Nordiska.Reporting.Worker.Tests\Nordiska.Reporting.Worker.Tests.csproj", "{D139BB65-7CC1-422D-A43C-949D68552B00}"
EndProject
Global
	GlobalSection(SolutionConfigurationPlatforms) = preSolution
		Debug|Any CPU = Debug|Any CPU
		Release|Any CPU = Release|Any CPU
	EndGlobalSection
	GlobalSection(SolutionProperties) = preSolution
		HideSolutionNode = FALSE
	EndGlobalSection
	GlobalSection(ProjectConfigurationPlatforms) = postSolution
		{CF2709B6-7A69-47E4-877A-A5C0B570D1D9}.Debug|Any CPU.ActiveCfg = Debug|Any CPU
		{CF2709B6-7A69-47E4-877A-A5C0B570D1D9}.Debug|Any CPU.Build.0 = Debug|Any CPU
		{CF2709B6-7A69-47E4-877A-A5C0B570D1D9}.Release|Any CPU.ActiveCfg = Release|Any CPU
		{CF2709B6-7A69-47E4-877A-A5C0B570D1D9}.Release|Any CPU.Build.0 = Release|Any CPU
		{1D009CCC-D835-44FF-AD5A-C19E051E2C3A}.Debug|Any CPU.ActiveCfg = Debug|Any CPU
		{1D009CCC-D835-44FF-AD5A-C19E051E2C3A}.Debug|Any CPU.Build.0 = Debug|Any CPU
		{1D009CCC-D835-44FF-AD5A-C19E051E2C3A}.Release|Any CPU.ActiveCfg = Release|Any CPU
		{1D009CCC-D835-44FF-AD5A-C19E051E2C3A}.Release|Any CPU.Build.0 = Release|Any CPU
		{A22118A5-DFFD-4C9F-9F68-1C6C3F02918E}.Debug|Any CPU.ActiveCfg = Debug|Any CPU
		{A22118A5-DFFD-4C9F-9F68-1C6C3F02918E}.Debug|Any CPU.Build.0 = Debug|Any CPU
		{A22118A5-DFFD-4C9F-9F68-1C6C3F02918E}.Release|Any CPU.ActiveCfg = Release|Any CPU
		{A22118A5-DFFD-4C9F-9F68-1C6C3F02918E}.Release|Any CPU.Build.0 = Release|Any CPU
		{35A32786-8389-4888-99F3-0A609AF2D958}.Debug|Any CPU.ActiveCfg = Debug|Any CPU
		{35A32786-8389-4888-99F3-0A609AF2D958}.Debug|Any CPU.Build.0 = Debug|Any CPU
		{35A32786-8389-4888-99F3-0A609AF2D958}.Release|Any CPU.ActiveCfg = Release|Any CPU
		{35A32786-8389-4888-99F3-0A609AF2D958}.Release|Any CPU.Build.0 = Release|Any CPU
		{D18FAD08-E590-4788-99BE-4078CCA7D788}.Debug|Any CPU.ActiveCfg = Debug|Any CPU
		{D18FAD08-E590-4788-99BE-4078CCA7D788}.Debug|Any CPU.Build.0 = Debug|Any CPU
		{D18FAD08-E590-4788-99BE-4078CCA7D788}.Release|Any CPU.ActiveCfg = Release|Any CPU
		{D18FAD08-E590-4788-99BE-4078CCA7D788}.Release|Any CPU.Build.0 = Release|Any CPU
		{C84275EB-1354-4D85-94C6-60BDE0CE297F}.Debug|Any CPU.ActiveCfg = Debug|Any CPU
		{C84275EB-1354-4D85-94C6-60BDE0CE297F}.Debug|Any CPU.Build.0 = Debug|Any CPU
		{C84275EB-1354-4D85-94C6-60BDE0CE297F}.Release|Any CPU.ActiveCfg = Release|Any CPU
		{C84275EB-1354-4D85-94C6-60BDE0CE297F}.Release|Any CPU.Build.0 = Release|Any CPU
		{0E8FE518-AA8A-4D59-9129-38042DD06F8C}.Debug|Any CPU.ActiveCfg = Debug|Any CPU
		{0E8FE518-AA8A-4D59-9129-38042DD06F8C}.Debug|Any CPU.Build.0 = Debug|Any CPU
		{0E8FE518-AA8A-4D59-9129-38042DD06F8C}.Release|Any CPU.ActiveCfg = Release|Any CPU
		{0E8FE518-AA8A-4D59-9129-38042DD06F8C}.Release|Any CPU.Build.0 = Release|Any CPU
		{6E59A5BE-1C34-49B5-9B96-B5CAC07E3A1F}.Debug|Any CPU.ActiveCfg = Debug|Any CPU
		{6E59A5BE-1C34-49B5-9B96-B5CAC07E3A1F}.Debug|Any CPU.Build.0 = Debug|Any CPU
		{6E59A5BE-1C34-49B5-9B96-B5CAC07E3A1F}.Release|Any CPU.ActiveCfg = Release|Any CPU
		{6E59A5BE-1C34-49B5-9B96-B5CAC07E3A1F}.Release|Any CPU.Build.0 = Release|Any CPU
		{BBF29C72-D5BE-411B-9E1F-6C145554AC11}.Debug|Any CPU.ActiveCfg = Debug|Any CPU
		{BBF29C72-D5BE-411B-9E1F-6C145554AC11}.Debug|Any CPU.Build.0 = Debug|Any CPU
		{BBF29C72-D5BE-411B-9E1F-6C145554AC11}.Release|Any CPU.ActiveCfg = Release|Any CPU
		{BBF29C72-D5BE-411B-9E1F-6C145554AC11}.Release|Any CPU.Build.0 = Release|Any CPU
		{6A993C1E-14C8-41EA-B5BA-270ADE27D3B9}.Debug|Any CPU.ActiveCfg = Debug|Any CPU
		{6A993C1E-14C8-41EA-B5BA-270ADE27D3B9}.Debug|Any CPU.Build.0 = Debug|Any CPU
		{6A993C1E-14C8-41EA-B5BA-270ADE27D3B9}.Release|Any CPU.ActiveCfg = Release|Any CPU
		{6A993C1E-14C8-41EA-B5BA-270ADE27D3B9}.Release|Any CPU.Build.0 = Release|Any CPU
		{FA1A3D8D-0CE3-4ABB-86FB-EAB1C7BA6267}.Debug|Any CPU.ActiveCfg = Debug|Any CPU
		{FA1A3D8D-0CE3-4ABB-86FB-EAB1C7BA6267}.Debug|Any CPU.Build.0 = Debug|Any CPU
		{FA1A3D8D-0CE3-4ABB-86FB-EAB1C7BA6267}.Release|Any CPU.ActiveCfg = Release|Any CPU
		{FA1A3D8D-0CE3-4ABB-86FB-EAB1C7BA6267}.Release|Any CPU.Build.0 = Release|Any CPU
		{D139BB65-7CC1-422D-A43C-949D68552B00}.Debug|Any CPU.ActiveCfg = Debug|Any CPU
		{D139BB65-7CC1-422D-A43C-949D68552B00}.Debug|Any CPU.Build.0 = Debug|Any CPU
		{D139BB65-7CC1-422D-A43C-949D68552B00}.Release|Any CPU.ActiveCfg = Release|Any CPU
		{D139BB65-7CC1-422D-A43C-949D68552B00}.Release|Any CPU.Build.0 = Release|Any CPU
	EndGlobalSection
	GlobalSection(NestedProjects) = preSolution
		{7F58CCA3-0A0C-42DF-B034-FDAFA390E7D6} = {428ED2E7-2085-4DF6-80DD-9C7F2957F482}
		{CF2709B6-7A69-47E4-877A-A5C0B570D1D9} = {7F58CCA3-0A0C-42DF-B034-FDAFA390E7D6}
		{2BB78818-2B15-4C95-97CF-AFF1C4889D3C} = {428ED2E7-2085-4DF6-80DD-9C7F2957F482}
		{1D009CCC-D835-44FF-AD5A-C19E051E2C3A} = {2BB78818-2B15-4C95-97CF-AFF1C4889D3C}
		{A22118A5-DFFD-4C9F-9F68-1C6C3F02918E} = {2BB78818-2B15-4C95-97CF-AFF1C4889D3C}
		{35A32786-8389-4888-99F3-0A609AF2D958} = {2BB78818-2B15-4C95-97CF-AFF1C4889D3C}
		{D18FAD08-E590-4788-99BE-4078CCA7D788} = {428ED2E7-2085-4DF6-80DD-9C7F2957F482}
		{C84275EB-1354-4D85-94C6-60BDE0CE297F} = {428ED2E7-2085-4DF6-80DD-9C7F2957F482}
		{0E8FE518-AA8A-4D59-9129-38042DD06F8C} = {60220E35-F52E-4FFB-BDB3-BB3EDE1ABB08}
		{6E59A5BE-1C34-49B5-9B96-B5CAC07E3A1F} = {60220E35-F52E-4FFB-BDB3-BB3EDE1ABB08}
		{BBF29C72-D5BE-411B-9E1F-6C145554AC11} = {60220E35-F52E-4FFB-BDB3-BB3EDE1ABB08}
		{6A993C1E-14C8-41EA-B5BA-270ADE27D3B9} = {60220E35-F52E-4FFB-BDB3-BB3EDE1ABB08}
		{FA1A3D8D-0CE3-4ABB-86FB-EAB1C7BA6267} = {60220E35-F52E-4FFB-BDB3-BB3EDE1ABB08}
		{D139BB65-7CC1-422D-A43C-949D68552B00} = {60220E35-F52E-4FFB-BDB3-BB3EDE1ABB08}
	EndGlobalSection
EndGlobal
