{
  "version": 2,
  "dependencies": {
    "net8.0": {
      "Microsoft.AspNetCore.Authentication.JwtBearer": {
        "type": "Direct",
        "requested": "[8.0.30, )",
        "resolved": "8.0.30",
        "contentHash": "ltmPwCpzuO29cl6H9w1QHIZ7J+3mnLcUAUH1l9Fgj0bY7vydv76uE5qSYGo96sSQgT98JYbleMBeEGIhjkr7aQ==",
        "dependencies": {
          "Microsoft.IdentityModel.Protocols.OpenIdConnect": "7.7.3"
        }
      },
      "Microsoft.AspNetCore.OpenApi": {
        "type": "Direct",
        "requested": "[8.0.30, )",
        "resolved": "8.0.30",
        "contentHash": "SkplhD18TzruiyyQ6JdI2+letDOhQ/1Zo4dGlsx2qp7o7lO44jPg2Yw/U4U3vZZFe3ae3JJav3Fm8lc1EFXqIg==",
        "dependencies": {
          "Microsoft.OpenApi": "1.4.3"
        }
      },
      "Microsoft.IdentityModel.Abstractions": {
        "type": "Transitive",
        "resolved": "7.7.3",
        "contentHash": "48quPTCzrglBlNSh5XFeA4Cyd5qm8IY1uqYx9+/0NNGVAv7U19aWieJxgTvmCiUr5il3F1851wDNGWiaUOktVw=="
      },
      "Microsoft.IdentityModel.JsonWebTokens": {
        "type": "Transitive",
        "resolved": "7.7.3",
        "contentHash": "URCySdj7XJVVFvKI7XrfMe60pw14kx9HhSw8thBPZvVS2t7q2qosvib2zGjXRdu+xOg33RCdGHoRG7NzbGNPDg==",
        "dependencies": {
          "Microsoft.IdentityModel.Tokens": "7.7.3"
        }
      },
      "Microsoft.IdentityModel.Logging": {
        "type": "Transitive",
        "resolved": "7.7.3",
        "contentHash": "QCNNrmwqa+fe9GVipM2aSFkS/zeLPXd6G3HahyLv/8477aK6hxm4uxEbS8lgUJVRZE3vwrW/iKxeDYNh99TNDQ==",
        "dependencies": {
          "Microsoft.IdentityModel.Abstractions": "7.7.3"
        }
      },
      "Microsoft.IdentityModel.Protocols": {
        "type": "Transitive",
        "resolved": "7.7.3",
        "contentHash": "cxdrIYqEs8jqvN46TgNOvDxvWvMox//ED7qTUJslZs2DVwlwCStEgZox5nxIBhqr/zWRK4tZOIjCqryS+aE/DQ==",
        "dependencies": {
          "Microsoft.IdentityModel.Tokens": "7.7.3"
        }
      },
      "Microsoft.IdentityModel.Protocols.OpenIdConnect": {
        "type": "Transitive",
        "resolved": "7.7.3",
        "contentHash": "+u/vjl4ELuit5ziJ8xuRbgtKuUv40CdIzJHr1lwFqy5mcieHjX1V8kqvcGxEQcMHP6N3WE8kR8gz4JL2InBh0Q==",
        "dependencies": {
          "Microsoft.IdentityModel.Protocols": "7.7.3",
          "System.IdentityModel.Tokens.Jwt": "7.7.3"
        }
      },
      "Microsoft.IdentityModel.Tokens": {
        "type": "Transitive",
        "resolved": "7.7.3",
        "contentHash": "h8hxpd6MgZbrxcORtinVQ8rvjAw75G9vzucVFm6CI+JBXS2kUer8X7LclYaBS12/DEkHtJiG6pc1v8ybSr9BAg==",
        "dependencies": {
          "Microsoft.IdentityModel.Logging": "7.7.3"
        }
      },
      "Microsoft.OpenApi": {
        "type": "Transitive",
        "resolved": "1.4.3",
        "contentHash": "rURwggB+QZYcSVbDr7HSdhw/FELvMlriW10OeOzjPT7pstefMo7IThhtNtDudxbXhW+lj0NfX72Ka5EDsG8x6w=="
      },
      "System.IdentityModel.Tokens.Jwt": {
        "type": "Transitive",
        "resolved": "7.7.3",
        "contentHash": "xqg/Al8bXC7+K54sy9F095rkWGBHQ5aLXaBg0zWEbzDWx442DMP8xCJaSugHpYwOyW9gC0pyq5XWpWYN50IqIA==",
        "dependencies": {
          "Microsoft.IdentityModel.JsonWebTokens": "7.7.3",
          "Microsoft.IdentityModel.Tokens": "7.7.3"
        }
      }
    }
  }
}